
Microsoft Visual Studio Solution File, Format Version 12.00
# Visual Studio 2012
Project("{2150E333-8FDC-42A3-9474-1A3956D46DE8}") = "Breaking SOLID Principles", "Breaking SOLID Principles", "{9EE883EE-9A41-4405-9AD4-1EA4F755E93B}"
EndProject
Project("{FAE04EC0-301F-11D3-BF4B-00C04F79EFBC}") = "BreakingOpenClosedPrinciple", "OCP\BreakingOpenClosedPrinciple.csproj", "{C61545BA-792C-4485-B841-FED33D15D2A2}"
EndProject
Project("{FAE04EC0-301F-11D3-BF4B-00C04F79EFBC}") = "BreakingLiskovSubtitutionPrinciple", "LSP\Daves Bad Code Example\BreakingLiskovSubtitutionPrinciple.csproj", "{00141C92-9EE5-47DC-A798-F120F4745EBA}"
EndProject
Project("{FAE04EC0-301F-11D3-BF4B-00C04F79EFBC}") = "BreakingInterfaceSegregationPrinciple", "ISP\BreakingInterfaceSegregationPrinciple.csproj", "{569AC9BB-9940-4321-B1E1-2FDCFB969A34}"
EndProject
Project("{FAE04EC0-301F-11D3-BF4B-00C04F79EFBC}") = "BreakingDependencyInversionPrinciple", "DIP\BreakingDependencyInversionPrinciple.csproj", "{00919C84-2DEF-4352-9216-C67BE83ED657}"
EndProject
Project("{FAE04EC0-301F-11D3-BF4B-00C04F79EFBC}") = "BreakingSingleResponsibility", "SRP\BreakingSingleResponsibility.csproj", "{9F2A9A59-47BC-47FD-B2E7-CC196FE1A61B}"
EndProject
Project("{2150E333-8FDC-42A3-9474-1A3956D46DE8}") = "BreakingLiskovSubstitutionPrinciple", "BreakingLiskovSubstitutionPrinciple", "{80A1FE8D-BFCB-4FA9-9701-6DD156DB7211}"
EndProject
Project("{FAE04EC0-301F-11D3-BF4B-00C04F79EFBC}") = "PersonPrisoner", "LSP\Person\PersonPrisoner.csproj", "{9056EB95-194C-4248-ACEF-B5A059CCCF19}"
EndProject
Global
	GlobalSection(SolutionConfigurationPlatforms) = preSolution
		Debug|Any CPU = Debug|Any CPU
		Release|Any CPU = Release|Any CPU
	EndGlobalSection
	GlobalSection(ProjectConfigurationPlatforms) = postSolution
		{C61545BA-792C-4485-B841-FED33D15D2A2}.Debug|Any CPU.ActiveCfg = Debug|Any CPU
		{C61545BA-792C-4485-B841-FED33D15D2A2}.Debug|Any CPU.Build.0 = Debug|Any CPU
		{C61545BA-792C-4485-B841-FED33D15D2A2}.Release|Any CPU.ActiveCfg = Release|Any CPU
		{C61545BA-792C-4485-B841-FED33D15D2A2}.Release|Any CPU.Build.0 = Release|Any CPU
		{00141C92-9EE5-47DC-A798-F120F4745EBA}.Debug|Any CPU.ActiveCfg = Debug|Any CPU
		{00141C92-9EE5-47DC-A798-F120F4745EBA}.Debug|Any CPU.Build.0 = Debug|Any CPU
		{00141C92-9EE5-47DC-A798-F120F4745EBA}.Release|Any CPU.ActiveCfg = Release|Any CPU
		{00141C92-9EE5-47DC-A798-F120F4745EBA}.Release|Any CPU.Build.0 = Release|Any CPU
		{569AC9BB-9940-4321-B1E1-2FDCFB969A34}.Debug|Any CPU.ActiveCfg = Debug|Any CPU
		{569AC9BB-9940-4321-B1E1-2FDCFB969A34}.Debug|Any CPU.Build.0 = Debug|Any CPU
		{569AC9BB-9940-4321-B1E1-2FDCFB969A34}.Release|Any CPU.ActiveCfg = Release|Any CPU
		{569AC9BB-9940-4321-B1E1-2FDCFB969A34}.Release|Any CPU.Build.0 = Release|Any CPU
		{00919C84-2DEF-4352-9216-C67BE83ED657}.Debug|Any CPU.ActiveCfg = Debug|Any CPU
		{00919C84-2DEF-4352-9216-C67BE83ED657}.Debug|Any CPU.Build.0 = Debug|Any CPU
		{00919C84-2DEF-4352-9216-C67BE83ED657}.Release|Any CPU.ActiveCfg = Release|Any CPU
		{00919C84-2DEF-4352-9216-C67BE83ED657}.Release|Any CPU.Build.0 = Release|Any CPU
		{9F2A9A59-47BC-47FD-B2E7-CC196FE1A61B}.Debug|Any CPU.ActiveCfg = Debug|Any CPU
		{9F2A9A59-47BC-47FD-B2E7-CC196FE1A61B}.Debug|Any CPU.Build.0 = Debug|Any CPU
		{9F2A9A59-47BC-47FD-B2E7-CC196FE1A61B}.Release|Any CPU.ActiveCfg = Release|Any CPU
		{9F2A9A59-47BC-47FD-B2E7-CC196FE1A61B}.Release|Any CPU.Build.0 = Release|Any CPU
		{9056EB95-194C-4248-ACEF-B5A059CCCF19}.Debug|Any CPU.ActiveCfg = Debug|Any CPU
		{9056EB95-194C-4248-ACEF-B5A059CCCF19}.Debug|Any CPU.Build.0 = Debug|Any CPU
		{9056EB95-194C-4248-ACEF-B5A059CCCF19}.Release|Any CPU.ActiveCfg = Release|Any CPU
		{9056EB95-194C-4248-ACEF-B5A059CCCF19}.Release|Any CPU.Build.0 = Release|Any CPU
	EndGlobalSection
	GlobalSection(SolutionProperties) = preSolution
		HideSolutionNode = FALSE
	EndGlobalSection
	GlobalSection(NestedProjects) = preSolution
		{C61545BA-792C-4485-B841-FED33D15D2A2} = {9EE883EE-9A41-4405-9AD4-1EA4F755E93B}
		{569AC9BB-9940-4321-B1E1-2FDCFB969A34} = {9EE883EE-9A41-4405-9AD4-1EA4F755E93B}
		{00919C84-2DEF-4352-9216-C67BE83ED657} = {9EE883EE-9A41-4405-9AD4-1EA4F755E93B}
		{9F2A9A59-47BC-47FD-B2E7-CC196FE1A61B} = {9EE883EE-9A41-4405-9AD4-1EA4F755E93B}
		{80A1FE8D-BFCB-4FA9-9701-6DD156DB7211} = {9EE883EE-9A41-4405-9AD4-1EA4F755E93B}
		{00141C92-9EE5-47DC-A798-F120F4745EBA} = {80A1FE8D-BFCB-4FA9-9701-6DD156DB7211}
		{9056EB95-194C-4248-ACEF-B5A059CCCF19} = {80A1FE8D-BFCB-4FA9-9701-6DD156DB7211}
	EndGlobalSection
EndGlobal
